github.com/oasisprotocol/curve25519-voi v0.0.0-20220328075252-7dd334e3daae h1:7smdlrfdcZic4VfsGKD2ulWL804a4GVphr4s7WZxGiY=
github.com/oasisprotocol/curve25519-voi v0.0.0-20220328075252-7dd334e3daae/go.mod h1:hVoHR2EVESiICEMbg137etN/Lx+lSrHPTD39Z/uE+2s=
github.com/pkg/errors v0.9.1 h1:FEBLx1zS214owpjy7qsBeixbURkuhQAwrK5UwLGTwt4=
github.com/pkg/errors v0.9.1/go.mod h1:bwawxfHBFNV+L2hUp1rHADufV3IMtnDRdf1r5NINEl0=
github.com/sigurn/crc16 v0.0.0-20211026045750-20ab5afb07e3 h1:aQKxg3+2p+IFXXg97McgDGT5zcMrQoi0EICZs8Pgchs=
github.com/sigurn/crc16 v0.0.0-20211026045750-20ab5afb07e3/go.mod h1:9/etS5gpQq9BJsJMWg1wpLbfuSnkm8dPF6FdW2JXVhA=
github.com/snksoft/crc v1.1.0 h1:HkLdI4taFlgGGG1KvsWMpz78PkOC9TkPVpTV/cuWn48=
github.com/snksoft/crc v1.1.0/go.mod h1:5/gUOsgAm7OmIhb6WJzw7w5g2zfJi4FrHYgGPdshE+A=
github.com/tonkeeper/tongo v1.10.3 h1:T1xGxikAfVRDLd5SUWDOCKZurlUDRoChoXzFvy8AGsw=
github.com/tonkeeper/tongo v1.10.3/go.mod h1:MjgIgAytFarjCoVjMLjYEtpZNN1f2G/pnZhKjr28cWs=
github.com/xssnick/tonutils-go v1.10.2 h1:1wgnQPrzbOt+5PtuNrlMSUyh1/y0pvWRi0zeRNRLEbw=
github.com/xssnick/tonutils-go v1.10.2/go.mod h1:p1l1Bxdv9sz6x2jfbuGQUGJn6g5cqg7xsTp8rBHFoJY=
golang.org/x/crypto v0.17.0 h1:r8bRNjWL3GshPW3gkd+RpvzWrZAwPS49OmTGZ/uhM4k=
golang.org/x/crypto v0.17.0/go.mod h1:gCAAfMLgwOJRpTjQ2zCCt2OcSfYMTeZVSRtQlPC7Nq4=
golang.org/x/exp v0.0.0-20230116083435-1de6713980de h1:DBWn//IJw30uYCgERoxCg84hWtA97F4wMiKOIh00Uf0=
golang.org/x/exp v0.0.0-20230116083435-1de6713980de/go.mod h1:CxIveKay+FTh1D0yPZemJVgC/95VzuuOLq5Qi4xnoYc=
golang.org/x/sys v0.15.0 h1:h48lPFYpsTvQJZF4EKyI4aLHaev3CxivZmv7yZig9pc=
golang.org/x/sys v0.15.0/go.mod h1:/VUhepiaJMQUp4+oa/7Zr1D23ma6VTLIYjOOTFZPUcA=
